{
  "name": "jomposer",
  "version": "1.0.5",
  "lockfileVersion": 1,
  "requires": true,
  "dependencies": {
    "address": {
      "version": "https://registry.npmjs.org/address/-/address-1.0.2.tgz",
      "integrity": "sha1-SACB6CtYe6MZRZ/vUS9Rb+A9WK8="
    },
    "agent-base": {
      "version": "https://registry.npm.taobao.org/agent-base/download/agent-base-2.1.1.tgz",
      "integrity": "sha1-1t4Q1a9hMtW9aSQn1G/FOFOQlMc=",
      "requires": {
        "extend": "https://registry.npm.taobao.org/extend/download/extend-3.0.1.tgz",
        "semver": "https://registry.npmjs.org/semver/-/semver-5.0.3.tgz"
      },
      "dependencies": {
        "semver": {
          "version": "https://registry.npmjs.org/semver/-/semver-5.0.3.tgz",
          "integrity": "sha1-d0Zt5YnNXTyV8TiqeLxWmjy10no="
        }
      }
    },
    "amdefine": {
      "version": "https://registry.npm.taobao.org/amdefine/download/amdefine-1.0.1.tgz",
      "integrity": "sha1-SlKCrBZHKek2Gbz9OtFR+BfOkfU=",
      "optional": true
    },
    "any-promise": {
      "version": "https://registry.npm.taobao.org/any-promise/download/any-promise-1.3.0.tgz",
      "integrity": "sha1-q8av7tzqUugJzcA3au0845Y10X8="
    },
    "ast-types": {
      "version": "https://registry.npm.taobao.org/ast-types/download/ast-types-0.9.12.tgz",
      "integrity": "sha1-sTYwDWcCZiWuFTJpgsqZGOXbc8k="
    },
    "bytes": {
      "version": "https://registry.npm.taobao.org/bytes/download/bytes-2.5.0.tgz",
      "integrity": "sha1-TJQj6i0lLCcMQbK97+/5u2tiwGo="
    },
    "co": {
      "version": "https://registry.npm.taobao.org/co/download/co-4.6.0.tgz",
      "integrity": "sha1-bqa989hTrlTMuOR7+gvz+QMfsYQ="
    },
    "colors": {
      "version": "https://registry.npm.taobao.org/colors/download/colors-1.1.2.tgz",
      "integrity": "sha1-FopHAXVran9RoSzgyXv6KMCE7WM="
    },
    "content-type": {
      "version": "https://registry.npm.taobao.org/content-type/download/content-type-1.0.2.tgz",
      "integrity": "sha1-t9ETrueo3Se9IRM8TcJSnfFyHu0="
    },
    "copy-to": {
      "version": "https://registry.npm.taobao.org/copy-to/download/copy-to-2.0.1.tgz",
      "integrity": "sha1-JoD7uAaKSNCGVrYJgJK9r8kG9KU="
    },
    "core-util-is": {
      "version": "https://registry.npm.taobao.org/core-util-is/download/core-util-is-1.0.2.tgz",
      "integrity": "sha1-tf1UIgqivFq1eqtxQMlAdUUDwac="
    },
    "data-uri-to-buffer": {
      "version": "https://registry.npm.taobao.org/data-uri-to-buffer/download/data-uri-to-buffer-1.2.0.tgz",
      "integrity": "sha1-dxY+qcINhkG0cH6PGKvfmnjzSDU="
    },
    "debug": {
      "version": "https://registry.npmjs.org/debug/-/debug-2.6.8.tgz",
      "integrity": "sha1-5zFTHKLt4n0YgiJCfaF4IdaP9Pw=",
      "requires": {
        "ms": "https://registry.npmjs.org/ms/-/ms-2.0.0.tgz"
      }
    },
    "deep-is": {
      "version": "https://registry.npm.taobao.org/deep-is/download/deep-is-0.1.3.tgz",
      "integrity": "sha1-s2nW+128E+7PUk+RsHD+7cNXzzQ="
    },
    "default-user-agent": {
      "version": "https://registry.npm.taobao.org/default-user-agent/download/default-user-agent-1.0.0.tgz",
      "integrity": "sha1-FsRu/cq6PtxF8k8r1IaLAbfCrcY=",
      "requires": {
        "os-name": "https://registry.npm.taobao.org/os-name/download/os-name-1.0.3.tgz"
      }
    },
    "degenerator": {
      "version": "https://registry.npm.taobao.org/degenerator/download/degenerator-1.0.4.tgz",
      "integrity": "sha1-/PSQo37OJmRk2cxDGrmMWBnO0JU=",
      "requires": {
        "ast-types": "https://registry.npm.taobao.org/ast-types/download/ast-types-0.9.12.tgz",
        "escodegen": "https://registry.npm.taobao.org/escodegen/download/escodegen-1.8.1.tgz",
        "esprima": "https://registry.npm.taobao.org/esprima/download/esprima-3.1.3.tgz"
      }
    },
    "depd": {
      "version": "https://registry.npm.taobao.org/depd/download/depd-1.1.0.tgz",
      "integrity": "sha1-4b2Cxqq2ztlluXuIsX7T5SjKGMM="
    },
    "digest-header": {
      "version": "https://registry.npm.taobao.org/digest-header/download/digest-header-0.0.1.tgz",
      "integrity": "sha1-Ecz23uxXZqw3l0TZAcEsuklRS+Y=",
      "requires": {
        "utility": "https://registry.npm.taobao.org/utility/download/utility-0.1.11.tgz"
      },
      "dependencies": {
        "utility": {
          "version": "https://registry.npm.taobao.org/utility/download/utility-0.1.11.tgz",
          "integrity": "sha1-/eYM+bTkdRlHoM9dEEzik2ciZxU=",
          "requires": {
            "address": "https://registry.npmjs.org/address/-/address-1.0.2.tgz"
          }
        }
      }
    },
    "ee-first": {
      "version": "https://registry.npm.taobao.org/ee-first/download/ee-first-1.1.1.tgz",
      "integrity": "sha1-WQxhFWsK4vTwJVcyoViyZrxWsh0="
    },
    "es6-promise": {
      "version": "https://registry.npm.taobao.org/es6-promise/download/es6-promise-4.1.1.tgz",
      "integrity": "sha1-iBHpCRXZoNujYnTwskLb2nj5ySo="
    },
    "es6-promisify": {
      "version": "https://registry.npm.taobao.org/es6-promisify/download/es6-promisify-5.0.0.tgz",
      "integrity": "sha1-UQnWLz5W6pZ8S2NQWu8IKRyKUgM=",
      "requires": {
        "es6-promise": "https://registry.npm.taobao.org/es6-promise/download/es6-promise-4.1.1.tgz"
      }
    },
    "escape-html": {
      "version": "https://registry.npm.taobao.org/escape-html/download/escape-html-1.0.3.tgz",
      "integrity": "sha1-Aljq5NPQwJdN4cFpGI7wBR0dGYg="
    },
    "escodegen": {
      "version": "https://registry.npm.taobao.org/escodegen/download/escodegen-1.8.1.tgz",
      "integrity": "sha1-WltTr0aTEQvrsIZ6o0MN07cKEBg=",
      "requires": {
        "esprima": "https://registry.npm.taobao.org/esprima/download/esprima-2.7.3.tgz",
        "estraverse": "https://registry.npm.taobao.org/estraverse/download/estraverse-1.9.3.tgz",
        "esutils": "https://registry.npm.taobao.org/esutils/download/esutils-2.0.2.tgz",
        "optionator": "https://registry.npm.taobao.org/optionator/download/optionator-0.8.2.tgz",
        "source-map": "https://registry.npm.taobao.org/source-map/download/source-map-0.2.0.tgz"
      },
      "dependencies": {
        "esprima": {
          "version": "https://registry.npm.taobao.org/esprima/download/esprima-2.7.3.tgz",
          "integrity": "sha1-luO3DVd59q1JzQMmc9HDEnZ7pYE="
        }
      }
    },
    "esprima": {
      "version": "https://registry.npm.taobao.org/esprima/download/esprima-3.1.3.tgz",
      "integrity": "sha1-/cpRzuYTOJXjyI1TXOSdv/YqRjM="
    },
    "estraverse": {
      "version": "https://registry.npm.taobao.org/estraverse/download/estraverse-1.9.3.tgz",
      "integrity": "sha1-r2fy3JIlgkFZUJJgkaQAXSnJu0Q="
    },
    "esutils": {
      "version": "https://registry.npm.taobao.org/esutils/download/esutils-2.0.2.tgz",
      "integrity": "sha1-Cr9PHKpbyx96nYrMbepPqqBLrJs="
    },
    "extend": {
      "version": "https://registry.npm.taobao.org/extend/download/extend-3.0.1.tgz",
      "integrity": "sha1-p1Xqe8Gt/MWjHOfnYtuq3F5jZEQ="
    },
    "fast-levenshtein": {
      "version": "https://registry.npm.taobao.org/fast-levenshtein/download/fast-levenshtein-2.0.6.tgz",
      "integrity": "sha1-PYpcZog6FqMMqGQ+hR8Zuqd5eRc="
    },
    "file-uri-to-path": {
      "version": "https://registry.npm.taobao.org/file-uri-to-path/download/file-uri-to-path-1.0.0.tgz",
      "integrity": "sha1-VTp7hEb/b2hDWcRF8eN6BdrMM90="
    },
    "ftp": {
      "version": "https://registry.npm.taobao.org/ftp/download/ftp-0.3.10.tgz",
      "integrity": "sha1-kZfYYa2BQvPmPVqDv+TFn3MwiF0=",
      "requires": {
        "readable-stream": "https://registry.npm.taobao.org/readable-stream/download/readable-stream-1.1.14.tgz",
        "xregexp": "https://registry.npm.taobao.org/xregexp/download/xregexp-2.0.0.tgz"
      },
      "dependencies": {
        "readable-stream": {
          "version": "https://registry.npm.taobao.org/readable-stream/download/readable-stream-1.1.14.tgz",
          "integrity": "sha1-fPTFTvZI44EwhMY23SB54WbAgdk=",
          "requires": {
            "core-util-is": "https://registry.npm.taobao.org/core-util-is/download/core-util-is-1.0.2.tgz",
            "inherits": "https://registry.npm.taobao.org/inherits/download/inherits-2.0.3.tgz",
            "isarray": "http://registry.npmjs.org/isarray/-/isarray-0.0.1.tgz",
            "string_decoder": "http://registry.npmjs.org/string_decoder/-/string_decoder-0.10.31.tgz"
          }
        }
      }
    },
    "get-uri": {
      "version": "https://registry.npm.taobao.org/get-uri/download/get-uri-2.0.1.tgz",
      "integrity": "sha1-29ysrNjGCKODFoaTaBF2l6FjHFk=",
      "requires": {
        "data-uri-to-buffer": "https://registry.npm.taobao.org/data-uri-to-buffer/download/data-uri-to-buffer-1.2.0.tgz",
        "debug": "https://registry.npmjs.org/debug/-/debug-2.6.8.tgz",
        "extend": "https://registry.npm.taobao.org/extend/download/extend-3.0.1.tgz",
        "file-uri-to-path": "https://registry.npm.taobao.org/file-uri-to-path/download/file-uri-to-path-1.0.0.tgz",
        "ftp": "https://registry.npm.taobao.org/ftp/download/ftp-0.3.10.tgz",
        "readable-stream": "https://registry.npm.taobao.org/readable-stream/download/readable-stream-2.3.3.tgz"
      }
    },
    "http-errors": {
      "version": "https://registry.npm.taobao.org/http-errors/download/http-errors-1.6.1.tgz",
      "integrity": "sha1-X4uO2YrKVFZWv1cplzh/kEpyIlc=",
      "requires": {
        "depd": "https://registry.npm.taobao.org/depd/download/depd-1.1.0.tgz",
        "inherits": "https://registry.npm.taobao.org/inherits/download/inherits-2.0.3.tgz",
        "setprototypeof": "https://registry.npm.taobao.org/setprototypeof/download/setprototypeof-1.0.3.tgz",
        "statuses": "https://registry.npm.taobao.org/statuses/download/statuses-1.3.1.tgz"
      }
    },
    "http-proxy-agent": {
      "version": "https://registry.npm.taobao.org/http-proxy-agent/download/http-proxy-agent-1.0.0.tgz",
      "integrity": "sha1-zBzjjkU7+YSg93AtLdWcc9CBKEo=",
      "requires": {
        "agent-base": "https://registry.npm.taobao.org/agent-base/download/agent-base-2.1.1.tgz",
        "debug": "https://registry.npmjs.org/debug/-/debug-2.6.8.tgz",
        "extend": "https://registry.npm.taobao.org/extend/download/extend-3.0.1.tgz"
      }
    },
    "https-proxy-agent": {
      "version": "https://registry.npmjs.org/https-proxy-agent/-/https-proxy-agent-1.0.0.tgz",
      "integrity": "sha1-NffabEjOTdv6JkiRrFk+5f+GceY=",
      "requires": {
        "agent-base": "https://registry.npm.taobao.org/agent-base/download/agent-base-2.1.1.tgz",
        "debug": "https://registry.npmjs.org/debug/-/debug-2.6.8.tgz",
        "extend": "https://registry.npm.taobao.org/extend/download/extend-3.0.1.tgz"
      }
    },
    "humanize-ms": {
      "version": "https://registry.npmjs.org/humanize-ms/-/humanize-ms-1.2.1.tgz",
      "integrity": "sha1-xG4xWaKT9riW2ikxbYtv6Lt5u+0=",
      "requires": {
        "ms": "https://registry.npmjs.org/ms/-/ms-2.0.0.tgz"
      }
    },
    "iconv-lite": {
      "version": "https://registry.npmjs.org/iconv-lite/-/iconv-lite-0.4.18.tgz",
      "integrity": "sha1-I9hlaxaq5nQqwpcy6o8DNqR4nPI="
    },
    "inherits": {
      "version": "https://registry.npm.taobao.org/inherits/download/inherits-2.0.3.tgz",
      "integrity": "sha1-Yzwsg+PaQqUC9SRmAiSA9CCCYd4="
    },
    "ip": {
      "version": "https://registry.npmjs.org/ip/-/ip-1.1.5.tgz",
      "integrity": "sha1-vd7XARQpCCjAoDnnLvJfWq7ENUo="
    },
    "isarray": {
      "version": "http://registry.npmjs.org/isarray/-/isarray-0.0.1.tgz",
      "integrity": "sha1-ihis/Kmo9Bd+Cav8YDiTmwXR7t8="
    },
    "levn": {
      "version": "https://registry.npm.taobao.org/levn/download/levn-0.3.0.tgz",
      "integrity": "sha1-OwmSTt+fCDwEkP3UwLxEIeBHZO4=",
      "requires": {
        "prelude-ls": "https://registry.npm.taobao.org/prelude-ls/download/prelude-ls-1.1.2.tgz",
        "type-check": "https://registry.npm.taobao.org/type-check/download/type-check-0.3.2.tgz"
      }
    },
    "lru-cache": {
      "version": "https://registry.npm.taobao.org/lru-cache/download/lru-cache-2.6.5.tgz",
      "integrity": "sha1-5W1jVBSO3o13B7WNFDIg/QjfD9U="
    },
    "minimist": {
      "version": "https://registry.npm.taobao.org/minimist/download/minimist-1.2.0.tgz",
      "integrity": "sha1-o1AIsg9BOD7sH7kU9M1d95omQoQ="
    },
    "ms": {
      "version": "https://registry.npmjs.org/ms/-/ms-2.0.0.tgz",
      "integrity": "sha1-VgiurfwAvmwpAd9fmGF4jeDVl8g="
    },
    "netmask": {
      "version": "https://registry.npm.taobao.org/netmask/download/netmask-1.0.6.tgz",
      "integrity": "sha1-ICl+idhvb2QA8lDZ9Pa0wZRfzTU="
    },
    "optionator": {
      "version": "https://registry.npm.taobao.org/optionator/download/optionator-0.8.2.tgz",
      "integrity": "sha1-NkxeQJ0/TWMB1sC0wFu6UBgK62Q=",
      "requires": {
        "deep-is": "https://registry.npm.taobao.org/deep-is/download/deep-is-0.1.3.tgz",
        "fast-levenshtein": "https://registry.npm.taobao.org/fast-levenshtein/download/fast-levenshtein-2.0.6.tgz",
        "levn": "https://registry.npm.taobao.org/levn/download/levn-0.3.0.tgz",
        "prelude-ls": "https://registry.npm.taobao.org/prelude-ls/download/prelude-ls-1.1.2.tgz",
        "type-check": "https://registry.npm.taobao.org/type-check/download/type-check-0.3.2.tgz",
        "wordwrap": "https://registry.npm.taobao.org/wordwrap/download/wordwrap-1.0.0.tgz"
      }
    },
    "os-name": {
      "version": "https://registry.npm.taobao.org/os-name/download/os-name-1.0.3.tgz",
      "integrity": "sha1-GzefZINa98Wn9JizV8uVIVwVnt8=",
      "requires": {
        "osx-release": "https://registry.npm.taobao.org/osx-release/download/osx-release-1.1.0.tgz",
        "win-release": "https://registry.npm.taobao.org/win-release/download/win-release-1.1.1.tgz"
      }
    },
    "osx-release": {
      "version": "https://registry.npm.taobao.org/osx-release/download/osx-release-1.1.0.tgz",
      "integrity": "sha1-8heRGigTaUmvG/kwiyQeJzfTzWw=",
      "requires": {
        "minimist": "https://registry.npm.taobao.org/minimist/download/minimist-1.2.0.tgz"
      }
    },
    "pac-proxy-agent": {
      "version": "https://registry.npm.taobao.org/pac-proxy-agent/download/pac-proxy-agent-2.0.0.tgz",
      "integrity": "sha1-vrF80rBqILN51X4bLiwpvg3+X5o=",
      "requires": {
        "agent-base": "https://registry.npm.taobao.org/agent-base/download/agent-base-2.1.1.tgz",
        "debug": "https://registry.npmjs.org/debug/-/debug-2.6.8.tgz",
        "get-uri": "https://registry.npm.taobao.org/get-uri/download/get-uri-2.0.1.tgz",
        "http-proxy-agent": "https://registry.npm.taobao.org/http-proxy-agent/download/http-proxy-agent-1.0.0.tgz",
        "https-proxy-agent": "https://registry.npmjs.org/https-proxy-agent/-/https-proxy-agent-1.0.0.tgz",
        "pac-resolver": "https://registry.npm.taobao.org/pac-resolver/download/pac-resolver-3.0.0.tgz",
        "raw-body": "https://registry.npm.taobao.org/raw-body/download/raw-body-2.3.0.tgz",
        "socks-proxy-agent": "https://registry.npm.taobao.org/socks-proxy-agent/download/socks-proxy-agent-3.0.0.tgz"
      },
      "dependencies": {
        "socks-proxy-agent": {
          "version": "https://registry.npm.taobao.org/socks-proxy-agent/download/socks-proxy-agent-3.0.0.tgz",
          "integrity": "sha1-6iMIXNK96U0ISmJEjzETnKftYkU=",
          "requires": {
            "agent-base": "https://registry.npm.taobao.org/agent-base/download/agent-base-4.1.1.tgz",
            "socks": "https://registry.npm.taobao.org/socks/download/socks-1.1.10.tgz"
          },
          "dependencies": {
            "agent-base": {
              "version": "https://registry.npm.taobao.org/agent-base/download/agent-base-4.1.1.tgz",
              "integrity": "sha1-ktik/CUko7CbNmajO2yXlg8j1qQ=",
              "requires": {
                "es6-promisify": "https://registry.npm.taobao.org/es6-promisify/download/es6-promisify-5.0.0.tgz"
              }
            }
          }
        }
      }
    },
    "pac-resolver": {
      "version": "https://registry.npm.taobao.org/pac-resolver/download/pac-resolver-3.0.0.tgz",
      "integrity": "sha1-auoweH2wqJFwTet4AKcip2FabyY=",
      "requires": {
        "co": "https://registry.npm.taobao.org/co/download/co-4.6.0.tgz",
        "degenerator": "https://registry.npm.taobao.org/degenerator/download/degenerator-1.0.4.tgz",
        "ip": "https://registry.npmjs.org/ip/-/ip-1.1.5.tgz",
        "netmask": "https://registry.npm.taobao.org/netmask/download/netmask-1.0.6.tgz",
        "thunkify": "https://registry.npm.taobao.org/thunkify/download/thunkify-2.1.2.tgz"
      }
    },
    "prelude-ls": {
      "version": "https://registry.npm.taobao.org/prelude-ls/download/prelude-ls-1.1.2.tgz",
      "integrity": "sha1-IZMqVJ9eUv/ZqCf1cOBL5iqX2lQ="
    },
    "process-nextick-args": {
      "version": "https://registry.npm.taobao.org/process-nextick-args/download/process-nextick-args-1.0.7.tgz",
      "integrity": "sha1-FQ4gt1ZZCtP5EJPyWk8q2L/zC6M="
    },
    "proxy-agent": {
      "version": "https://registry.npm.taobao.org/proxy-agent/download/proxy-agent-2.1.0.tgz",
      "integrity": "sha1-o6Kzhm3r/rebt5HzRdybyHbn/4Y=",
      "requires": {
        "agent-base": "https://registry.npm.taobao.org/agent-base/download/agent-base-2.1.1.tgz",
        "debug": "https://registry.npmjs.org/debug/-/debug-2.6.8.tgz",
        "extend": "https://registry.npm.taobao.org/extend/download/extend-3.0.1.tgz",
        "http-proxy-agent": "https://registry.npm.taobao.org/http-proxy-agent/download/http-proxy-agent-1.0.0.tgz",
        "https-proxy-agent": "https://registry.npmjs.org/https-proxy-agent/-/https-proxy-agent-1.0.0.tgz",
        "lru-cache": "https://registry.npm.taobao.org/lru-cache/download/lru-cache-2.6.5.tgz",
        "pac-proxy-agent": "https://registry.npm.taobao.org/pac-proxy-agent/download/pac-proxy-agent-2.0.0.tgz",
        "socks-proxy-agent": "https://registry.npm.taobao.org/socks-proxy-agent/download/socks-proxy-agent-2.1.1.tgz"
      }
    },
    "qs": {
      "version": "https://registry.npm.taobao.org/qs/download/qs-6.5.0.tgz",
      "integrity": "sha1-jQSVTTZN7z78VbWgeT4eLIsebkk="
    },
    "raw-body": {
      "version": "https://registry.npm.taobao.org/raw-body/download/raw-body-2.3.0.tgz",
      "integrity": "sha1-95zhrKyrpbY2LTNFTXhdcSn0vGc=",
      "requires": {
        "bytes": "https://registry.npm.taobao.org/bytes/download/bytes-2.5.0.tgz",
        "http-errors": "https://registry.npm.taobao.org/http-errors/download/http-errors-1.6.1.tgz",
        "iconv-lite": "https://registry.npmjs.org/iconv-lite/-/iconv-lite-0.4.18.tgz",
        "unpipe": "https://registry.npm.taobao.org/unpipe/download/unpipe-1.0.0.tgz"
      }
    },
    "readable-stream": {
      "version": "https://registry.npm.taobao.org/readable-stream/download/readable-stream-2.3.3.tgz",
      "integrity": "sha1-No8lEtefnUb9/HE0mueHi7weuVw=",
      "requires": {
        "core-util-is": "https://registry.npm.taobao.org/core-util-is/download/core-util-is-1.0.2.tgz",
        "inherits": "https://registry.npm.taobao.org/inherits/download/inherits-2.0.3.tgz",
        "isarray": "https://registry.npm.taobao.org/isarray/download/isarray-1.0.0.tgz",
        "process-nextick-args": "https://registry.npm.taobao.org/process-nextick-args/download/process-nextick-args-1.0.7.tgz",
        "safe-buffer": "https://registry.npmjs.org/safe-buffer/-/safe-buffer-5.1.1.tgz",
        "string_decoder": "https://registry.npmjs.org/string_decoder/-/string_decoder-1.0.3.tgz",
        "util-deprecate": "https://registry.npm.taobao.org/util-deprecate/download/util-deprecate-1.0.2.tgz"
      },
      "dependencies": {
        "isarray": {
          "version": "https://registry.npm.taobao.org/isarray/download/isarray-1.0.0.tgz",
          "integrity": "sha1-u5NdSFgsuhaMBoNJV6VKPgcSTxE="
        },
        "string_decoder": {
          "version": "https://registry.npmjs.org/string_decoder/-/string_decoder-1.0.3.tgz",
          "integrity": "sha1-D8Z9fBQYJd6UKC3VNr7GubzoYKs=",
          "requires": {
            "safe-buffer": "https://registry.npmjs.org/safe-buffer/-/safe-buffer-5.1.1.tgz"
          }
        }
      }
    },
    "safe-buffer": {
      "version": "https://registry.npmjs.org/safe-buffer/-/safe-buffer-5.1.1.tgz",
      "integrity": "sha1-iTMSr2myEj3vcfV4iQAWce6yyFM="
    },
    "semver": {
      "version": "https://registry.npm.taobao.org/semver/download/semver-5.4.1.tgz",
      "integrity": "sha1-4FnAnYVx8FQII3M0M1BdOi8AsY4="
    },
    "setprototypeof": {
      "version": "https://registry.npm.taobao.org/setprototypeof/download/setprototypeof-1.0.3.tgz",
      "integrity": "sha1-ZlZ+NwQ+608E2RvWWMDL77VbjgQ="
    },
    "smart-buffer": {
      "version": "https://registry.npmjs.org/smart-buffer/-/smart-buffer-1.1.15.tgz",
      "integrity": "sha1-fxFLW2X6s+KjWqd1uxLw0cZJvxY="
    },
    "socks": {
      "version": "https://registry.npm.taobao.org/socks/download/socks-1.1.10.tgz",
      "integrity": "sha1-W4t/x8jzQcU+0FbpKbe/Tei6e1o=",
      "requires": {
        "ip": "https://registry.npmjs.org/ip/-/ip-1.1.5.tgz",
        "smart-buffer": "https://registry.npmjs.org/smart-buffer/-/smart-buffer-1.1.15.tgz"
      }
    },
    "socks-proxy-agent": {
      "version": "https://registry.npm.taobao.org/socks-proxy-agent/download/socks-proxy-agent-2.1.1.tgz",
      "integrity": "sha1-huuwcZMlhjeHDhO3vZnybGY989M=",
      "requires": {
        "agent-base": "https://registry.npm.taobao.org/agent-base/download/agent-base-2.1.1.tgz",
        "extend": "https://registry.npm.taobao.org/extend/download/extend-3.0.1.tgz",
        "socks": "https://registry.npm.taobao.org/socks/download/socks-1.1.10.tgz"
      }
    },
    "source-map": {
      "version": "https://registry.npm.taobao.org/source-map/download/source-map-0.2.0.tgz",
      "integrity": "sha1-2rc/vPwrqBm03gO9b26qSBZLP50=",
      "optional": true,
      "requires": {
        "amdefine": "https://registry.npm.taobao.org/amdefine/download/amdefine-1.0.1.tgz"
      }
    },
    "statuses": {
      "version": "https://registry.npm.taobao.org/statuses/download/statuses-1.3.1.tgz",
      "integrity": "sha1-+vUbnrdKrvOzrPStX2Gr8ky3uT4="
    },
    "string_decoder": {
      "version": "http://registry.npmjs.org/string_decoder/-/string_decoder-0.10.31.tgz",
      "integrity": "sha1-YuIDvEF2bGwoyfyEMB2rHFMQ+pQ="
    },
    "thunkify": {
      "version": "https://registry.npm.taobao.org/thunkify/download/thunkify-2.1.2.tgz",
      "integrity": "sha1-+qDp0jDFGsyVyhOjYawFyn4EVT0="
    },
    "type-check": {
      "version": "https://registry.npm.taobao.org/type-check/download/type-check-0.3.2.tgz",
      "integrity": "sha1-WITKtRLPHTVeP7eE8wgEsrUg23I=",
      "requires": {
        "prelude-ls": "https://registry.npm.taobao.org/prelude-ls/download/prelude-ls-1.1.2.tgz"
      }
    },
    "unpipe": {
      "version": "https://registry.npm.taobao.org/unpipe/download/unpipe-1.0.0.tgz",
      "integrity": "sha1-sr9O6FFKrmFltIF4KdIbLvSZBOw="
    },
    "urllib": {
      "version": "https://registry.npm.taobao.org/urllib/download/urllib-2.24.0.tgz",
      "integrity": "sha1-wYlZrnqbbSS8l5WDdF5PW2XwIGw=",
      "requires": {
        "any-promise": "https://registry.npm.taobao.org/any-promise/download/any-promise-1.3.0.tgz",
        "content-type": "https://registry.npm.taobao.org/content-type/download/content-type-1.0.2.tgz",
        "debug": "https://registry.npmjs.org/debug/-/debug-2.6.8.tgz",
        "default-user-agent": "https://registry.npm.taobao.org/default-user-agent/download/default-user-agent-1.0.0.tgz",
        "digest-header": "https://registry.npm.taobao.org/digest-header/download/digest-header-0.0.1.tgz",
        "ee-first": "https://registry.npm.taobao.org/ee-first/download/ee-first-1.1.1.tgz",
        "humanize-ms": "https://registry.npmjs.org/humanize-ms/-/humanize-ms-1.2.1.tgz",
        "iconv-lite": "https://registry.npmjs.org/iconv-lite/-/iconv-lite-0.4.18.tgz",
        "proxy-agent": "https://registry.npm.taobao.org/proxy-agent/download/proxy-agent-2.1.0.tgz",
        "qs": "https://registry.npm.taobao.org/qs/download/qs-6.5.0.tgz",
        "statuses": "https://registry.npm.taobao.org/statuses/download/statuses-1.3.1.tgz",
        "utility": "https://registry.npmjs.org/utility/-/utility-1.12.0.tgz"
      }
    },
    "util-deprecate": {
      "version": "https://registry.npm.taobao.org/util-deprecate/download/util-deprecate-1.0.2.tgz",
      "integrity": "sha1-RQ1Nyfpw3nMnYvvS1KKJgUGaDM8="
    },
    "utility": {
      "version": "https://registry.npmjs.org/utility/-/utility-1.12.0.tgz",
      "integrity": "sha1-vWkweGOjiE7liCElEhW5hy+4QFg=",
      "requires": {
        "copy-to": "https://registry.npm.taobao.org/copy-to/download/copy-to-2.0.1.tgz",
        "escape-html": "https://registry.npm.taobao.org/escape-html/download/escape-html-1.0.3.tgz"
      }
    },
    "win-release": {
      "version": "https://registry.npm.taobao.org/win-release/download/win-release-1.1.1.tgz",
      "integrity": "sha1-X6VeAr58qTTt/BJmVjLoSbcuUgk=",
      "requires": {
        "semver": "https://registry.npm.taobao.org/semver/download/semver-5.4.1.tgz"
      }
    },
    "wordwrap": {
      "version": "https://registry.npm.taobao.org/wordwrap/download/wordwrap-1.0.0.tgz",
      "integrity": "sha1-J1hIEIkUVqQXHI0CJkQa3pDLyus="
    },
    "xregexp": {
      "version": "https://registry.npm.taobao.org/xregexp/download/xregexp-2.0.0.tgz",
      "integrity": "sha1-UqY+VsoLhKfzpfPWGHLxJq16WUM="
    }
  }
}
